
Microsoft Visual Studio Solution File, Format Version 12.00
# Visual Studio 15
VisualStudioVersion = 15.0.28307.1000
MinimumVisualStudioVersion = 10.0.40219.1
Project("{FAE04EC0-301F-11D3-BF4B-00C04F79EFBC}") = "Pixogram", "Pixogram\Pixogram.csproj", "{E3BFBC1B-DE9A-4761-9C37-53382C5EA455}"
EndProject
Project("{FAE04EC0-301F-11D3-BF4B-00C04F79EFBC}") = "Pixogram.BusinessLayer", "Pixogram.BusinessLayer\Pixogram.BusinessLayer.csproj", "{826A057F-CD6B-4A91-A464-CD7E440160AE}"
EndProject
Project("{FAE04EC0-301F-11D3-BF4B-00C04F79EFBC}") = "Pixogram.DataLayer", "Pixogram.DataLayer\Pixogram.DataLayer.csproj", "{4CA69343-095A-4AEA-9CF3-8993EC32DFCC}"
EndProject
Project("{FAE04EC0-301F-11D3-BF4B-00C04F79EFBC}") = "Pixogram.Entities", "Pixogram.Entities\Pixogram.Entities.csproj", "{28A2EA73-9937-47C1-92D3-987B8ED1D975}"
EndProject
Project("{FAE04EC0-301F-11D3-BF4B-00C04F79EFBC}") = "Pixogram.Tests", "Pixogram.Tests\Pixogram.Tests.csproj", "{4520877F-B89C-4FA7-A716-A71EE5EBED5F}"
EndProject
Global
	GlobalSection(SolutionConfigurationPlatforms) = preSolution
		Debug|Any CPU = Debug|Any CPU
		Release|Any CPU = Release|Any CPU
	EndGlobalSection
	GlobalSection(ProjectConfigurationPlatforms) = postSolution
		{E3BFBC1B-DE9A-4761-9C37-53382C5EA455}.Debug|Any CPU.ActiveCfg = Debug|Any CPU
		{E3BFBC1B-DE9A-4761-9C37-53382C5EA455}.Debug|Any CPU.Build.0 = Debug|Any CPU
		{E3BFBC1B-DE9A-4761-9C37-53382C5EA455}.Release|Any CPU.ActiveCfg = Release|Any CPU
		{E3BFBC1B-DE9A-4761-9C37-53382C5EA455}.Release|Any CPU.Build.0 = Release|Any CPU
		{826A057F-CD6B-4A91-A464-CD7E440160AE}.Debug|Any CPU.ActiveCfg = Debug|Any CPU
		{826A057F-CD6B-4A91-A464-CD7E440160AE}.Debug|Any CPU.Build.0 = Debug|Any CPU
		{826A057F-CD6B-4A91-A464-CD7E440160AE}.Release|Any CPU.ActiveCfg = Release|Any CPU
		{826A057F-CD6B-4A91-A464-CD7E440160AE}.Release|Any CPU.Build.0 = Release|Any CPU
		{4CA69343-095A-4AEA-9CF3-8993EC32DFCC}.Debug|Any CPU.ActiveCfg = Debug|Any CPU
		{4CA69343-095A-4AEA-9CF3-8993EC32DFCC}.Debug|Any CPU.Build.0 = Debug|Any CPU
		{4CA69343-095A-4AEA-9CF3-8993EC32DFCC}.Release|Any CPU.ActiveCfg = Release|Any CPU
		{4CA69343-095A-4AEA-9CF3-8993EC32DFCC}.Release|Any CPU.Build.0 = Release|Any CPU
		{28A2EA73-9937-47C1-92D3-987B8ED1D975}.Debug|Any CPU.ActiveCfg = Debug|Any CPU
		{28A2EA73-9937-47C1-92D3-987B8ED1D975}.Debug|Any CPU.Build.0 = Debug|Any CPU
		{28A2EA73-9937-47C1-92D3-987B8ED1D975}.Release|Any CPU.ActiveCfg = Release|Any CPU
		{28A2EA73-9937-47C1-92D3-987B8ED1D975}.Release|Any CPU.Build.0 = Release|Any CPU
		{4520877F-B89C-4FA7-A716-A71EE5EBED5F}.Debug|Any CPU.ActiveCfg = Debug|Any CPU
		{4520877F-B89C-4FA7-A716-A71EE5EBED5F}.Debug|Any CPU.Build.0 = Debug|Any CPU
		{4520877F-B89C-4FA7-A716-A71EE5EBED5F}.Release|Any CPU.ActiveCfg = Release|Any CPU
		{4520877F-B89C-4FA7-A716-A71EE5EBED5F}.Release|Any CPU.Build.0 = Release|Any CPU
	EndGlobalSection
	GlobalSection(SolutionProperties) = preSolution
		HideSolutionNode = FALSE
	EndGlobalSection
	GlobalSection(ExtensibilityGlobals) = postSolution
		SolutionGuid = {CF737070-27A9-4FA9-84BD-98B90C80782D}
	EndGlobalSection
EndGlobal
